<?xml version="1.0" encoding="utf-8"?>
<Project ToolsVersion="4.0" xmlns="http://schemas.microsoft.com/developer/msbuild/2003">
  <ItemGroup>
    <Filter Include="소스 파일">
      <UniqueIdentifier>{4FC737F1-C7A5-4376-A066-2A32D752A2FF}</UniqueIdentifier>
      <Extensions>cpp;c;cc;cxx;c++;cppm;ixx;def;odl;idl;hpj;bat;asm;asmx</Extensions>
    </Filter>
    <Filter Include="헤더 파일">
      <UniqueIdentifier>{93995380-89BD-4b04-88EB-625FBE52EBFB}</UniqueIdentifier>
      <Extensions>h;hh;hpp;hxx;h++;hm;inl;inc;ipp;xsd</Extensions>
    </Filter>
    <Filter Include="리소스 파일">
      <UniqueIdentifier>{67DA6AB6-F800-4c08-8B7A-83BB121AAD01}</UniqueIdentifier>
      <Extensions>rc;ico;cur;bmp;dlg;rc2;rct;bin;rgs;gif;jpg;jpeg;jpe;resx;tiff;tif;png;wav;mfcribbon-ms</Extensions>
    </Filter>
    <Filter Include="헤더 파일\UI">
      <UniqueIdentifier>{4c149f67-aa39-4272-9d49-4669c9a03203}</UniqueIdentifier>
    </Filter>
    <Filter Include="소스 파일\UI">
      <UniqueIdentifier>{750eb597-7384-4f8e-b8e8-89d62f14e1b7}</UniqueIdentifier>
    </Filter>
    <Filter Include="소스 파일\Scene">
      <UniqueIdentifier>{f6262f42-3e0d-449a-8755-75010a71199f}</UniqueIdentifier>
    </Filter>
    <Filter Include="헤더 파일\Scene">
      <UniqueIdentifier>{11ab87bb-46eb-40eb-bee2-17a7dab938b0}</UniqueIdentifier>
    </Filter>
    <Filter Include="헤더 파일\Scene\Scenes">
      <UniqueIdentifier>{8f45610b-c3a5-413f-a767-6dee7f8c08af}</UniqueIdentifier>
    </Filter>
    <Filter Include="소스 파일\Scene\Scenes">
      <UniqueIdentifier>{e8cb7d19-bd02-4a78-92a3-e05d47e7be9d}</UniqueIdentifier>
    </Filter>
    <Filter Include="소스 파일\inGame">
      <UniqueIdentifier>{055d59ba-b0e3-4a00-8ce1-6a8cdb5495a8}</UniqueIdentifier>
    </Filter>
    <Filter Include="헤더 파일\inGame">
      <UniqueIdentifier>{b943616f-d872-468e-aea7-e1173a8fcb3e}</UniqueIdentifier>
    </Filter>
    <Filter Include="헤더 파일\inGame\obj">
      <UniqueIdentifier>{e2d19bd9-c4c2-4619-bac9-d96b12eeaf5b}</UniqueIdentifier>
    </Filter>
    <Filter Include="소스 파일\inGame\obj">
      <UniqueIdentifier>{67f14964-5f07-4250-8846-ad032cf90fdb}</UniqueIdentifier>
    </Filter>
    <Filter Include="리소스 파일\sound">
      <UniqueIdentifier>{7a0fed62-bf10-4f41-96f2-1f20fdf50c90}</UniqueIdentifier>
    </Filter>
    <Filter Include="리소스 파일\music">
      <UniqueIdentifier>{26818c30-fb08-4ee7-8e3a-f852431d72d8}</UniqueIdentifier>
    </Filter>
    <Filter Include="리소스 파일\font">
      <UniqueIdentifier>{81598776-3263-4349-85d0-3cb4c3d47a0d}</UniqueIdentifier>
    </Filter>
    <Filter Include="리소스 파일\chart">
      <UniqueIdentifier>{bd3e7c1c-64f5-4c00-9c9a-02ded20d0855}</UniqueIdentifier>
    </Filter>
    <Filter Include="리소스 파일\image">
      <UniqueIdentifier>{07786f37-8c8d-4e2e-ace5-664717d6c3fd}</UniqueIdentifier>
    </Filter>
    <Filter Include="리소스 파일\bgm">
      <UniqueIdentifier>{93ceb5ff-0166-4037-ae57-cb2c0c524858}</UniqueIdentifier>
    </Filter>
  </ItemGroup>
  <ItemGroup>
    <ClCompile Include="main.cpp">
      <Filter>소스 파일</Filter>
    </ClCompile>
    <ClCompile Include="AlbumArt.cpp">
      <Filter>소스 파일\UI</Filter>
    </ClCompile>
    <ClCompile Include="SceneManager.cpp">
      <Filter>소스 파일\Scene</Filter>
    </ClCompile>
    <ClCompile Include="MainMenuScene.cpp">
      <Filter>소스 파일\Scene\Scenes</Filter>
    </ClCompile>
    <ClCompile Include="SongMenuScene.cpp">
      <Filter>소스 파일\Scene\Scenes</Filter>
    </ClCompile>
    <ClCompile Include="GameScene.cpp">
      <Filter>소스 파일\Scene\Scenes</Filter>
    </ClCompile>
    <ClCompile Include="AudioManager.cpp">
      <Filter>소스 파일</Filter>
    </ClCompile>
    <ClCompile Include="parse_data.cpp">
      <Filter>소스 파일\inGame</Filter>
    </ClCompile>
    <ClCompile Include="ComboText.cpp">
      <Filter>소스 파일\inGame\obj</Filter>
    </ClCompile>
    <ClCompile Include="GameManager.cpp">
      <Filter>소스 파일\inGame</Filter>
    </ClCompile>
    <ClCompile Include="judgeText.cpp">
      <Filter>소스 파일\inGame\obj</Filter>
    </ClCompile>
    <ClCompile Include="ResultUI.cpp">
      <Filter>소스 파일\UI</Filter>
    </ClCompile>
    <ClCompile Include="OptionScene.cpp">
      <Filter>소스 파일\Scene\Scenes</Filter>
    </ClCompile>
    <ClCompile Include="options.cpp">
      <Filter>소스 파일</Filter>
    </ClCompile>
    <ClCompile Include="SettingsManager.cpp">
      <Filter>소스 파일</Filter>
    </ClCompile>
    <ClCompile Include="utils.cpp">
      <Filter>소스 파일</Filter>
    </ClCompile>
    <ClCompile Include="playResult.cpp">
      <Filter>소스 파일</Filter>
    </ClCompile>
    <ClCompile Include="scoreCalculator.cpp">
      <Filter>소스 파일</Filter>
    </ClCompile>
    <ClCompile Include="socresPannel.cpp">
      <Filter>소스 파일\UI</Filter>
    </ClCompile>
    <ClCompile Include="HpBar.cpp">
      <Filter>소스 파일\inGame\obj</Filter>
    </ClCompile>
    <ClCompile Include="NameInputUI.cpp">
      <Filter>소스 파일\UI</Filter>
    </ClCompile>
    <ClCompile Include="DebugingScene.cpp">
      <Filter>소스 파일\Scene\Scenes</Filter>
    </ClCompile>
    <ClCompile Include="deadPannel.cpp">
      <Filter>소스 파일\UI</Filter>
    </ClCompile>
    <ClCompile Include="KeySettingModal.cpp">
      <Filter>소스 파일</Filter>
    </ClCompile>
  </ItemGroup>
  <ItemGroup>
    <ClInclude Include="signal.h">
      <Filter>헤더 파일</Filter>
    </ClInclude>
    <ClInclude Include="AlbumArt.h">
      <Filter>헤더 파일\UI</Filter>
    </ClInclude>
    <ClInclude Include="SceneManager.h">
      <Filter>헤더 파일\Scene</Filter>
    </ClInclude>
    <ClInclude Include="GameScene.h">
      <Filter>헤더 파일\Scene\Scenes</Filter>
    </ClInclude>
    <ClInclude Include="MainMenuScene.h">
      <Filter>헤더 파일\Scene\Scenes</Filter>
    </ClInclude>
    <ClInclude Include="SongMenuScene.h">
      <Filter>헤더 파일\Scene\Scenes</Filter>
    </ClInclude>
    <ClInclude Include="Scene.h">
      <Filter>헤더 파일\Scene</Filter>
    </ClInclude>
    <ClInclude Include="AudioManager.h">
      <Filter>헤더 파일</Filter>
    </ClInclude>
    <ClInclude Include="SongInfo.h">
      <Filter>헤더 파일\inGame</Filter>
    </ClInclude>
    <ClInclude Include="parse_data.h">
      <Filter>헤더 파일\inGame</Filter>
    </ClInclude>
    <ClInclude Include="ComboText.h">
      <Filter>헤더 파일\inGame\obj</Filter>
    </ClInclude>
    <ClInclude Include="NotePlate.h">
      <Filter>헤더 파일\inGame\obj</Filter>
    </ClInclude>
    <ClInclude Include="Note.h">
      <Filter>헤더 파일\inGame\obj</Filter>
    </ClInclude>
    <ClInclude Include="GameManager.h">
      <Filter>헤더 파일\inGame</Filter>
    </ClInclude>
    <ClInclude Include="judgeText.h">
      <Filter>헤더 파일\inGame\obj</Filter>
    </ClInclude>
    <ClInclude Include="ResultUI.h">
      <Filter>헤더 파일\UI</Filter>
    </ClInclude>
    <ClInclude Include="OptionScene.h">
      <Filter>헤더 파일\Scene\Scenes</Filter>
    </ClInclude>
    <ClInclude Include="options.h">
      <Filter>헤더 파일</Filter>
    </ClInclude>
    <ClInclude Include="SettingsManager.h">
      <Filter>헤더 파일</Filter>
    </ClInclude>
    <ClInclude Include="utils.h">
      <Filter>헤더 파일</Filter>
    </ClInclude>
    <ClInclude Include="playResult.h">
      <Filter>헤더 파일</Filter>
    </ClInclude>
    <ClInclude Include="scoreCalculator.h">
      <Filter>헤더 파일</Filter>
    </ClInclude>
    <ClInclude Include="scoresPannel.h">
      <Filter>헤더 파일\UI</Filter>
    </ClInclude>
    <ClInclude Include="HpBar.h">
      <Filter>헤더 파일\inGame\obj</Filter>
    </ClInclude>
    <ClInclude Include="NameInputUI.h">
      <Filter>헤더 파일\UI</Filter>
    </ClInclude>
    <ClInclude Include="DebugingScene.h">
      <Filter>헤더 파일\Scene\Scenes</Filter>
    </ClInclude>
    <ClInclude Include="deadPannel.h">
      <Filter>헤더 파일\UI</Filter>
    </ClInclude>
    <ClInclude Include="KeySettingModal.h">
      <Filter>헤더 파일\UI</Filter>
    </ClInclude>
  </ItemGroup>
  <ItemGroup>
    <Media Include="Songs\End Time\audio.mp3">
      <Filter>리소스 파일\music</Filter>
    </Media>
    <Media Include="Songs\FLOWER\audio.mp3">
      <Filter>리소스 파일\music</Filter>
    </Media>
    <Media Include="Songs\Fly far bounce\audio.mp3">
      <Filter>리소스 파일\music</Filter>
    </Media>
    <Media Include="Songs\invisible bullets\audio.mp3">
      <Filter>리소스 파일\music</Filter>
    </Media>
    <Media Include="Songs\Oceanus\audio.mp3">
      <Filter>리소스 파일\music</Filter>
    </Media>
    <Media Include="Songs\Ouka Ryouran\audio.mp3">
      <Filter>리소스 파일\music</Filter>
    </Media>
    <Media Include="Songs\SAtAN\audio.mp3">
      <Filter>리소스 파일\music</Filter>
    </Media>
    <Media Include="Songs\smooooch\audio.mp3">
      <Filter>리소스 파일\music</Filter>
    </Media>
    <Media Include="Songs\The Shortest Mashcore Ever\audio.mp3">
      <Filter>리소스 파일\music</Filter>
    </Media>
    <Media Include="Songs\Tithonus\audio.mp3">
      <Filter>리소스 파일\music</Filter>
    </Media>
    <Media Include="Sounds\menu_select.wav">
      <Filter>리소스 파일\sound</Filter>
    </Media>
    <Media Include="bgm\Result.wav">
      <Filter>리소스 파일\bgm</Filter>
    </Media>
    <Media Include="Sounds\GameOver.wav">
      <Filter>리소스 파일\sound</Filter>
    </Media>
  </ItemGroup>
  <ItemGroup>
    <Font Include="fonts\arial.ttf">
      <Filter>리소스 파일\font</Filter>
    </Font>
    <Font Include="fonts\arialbd.ttf">
      <Filter>리소스 파일\font</Filter>
    </Font>
    <Font Include="fonts\arialbi.ttf">
      <Filter>리소스 파일\font</Filter>
    </Font>
    <Font Include="fonts\ariali.ttf">
      <Filter>리소스 파일\font</Filter>
    </Font>
    <Font Include="fonts\ARIALN.TTF">
      <Filter>리소스 파일\font</Filter>
    </Font>
    <Font Include="fonts\ARIALNB.TTF">
      <Filter>리소스 파일\font</Filter>
    </Font>
    <Font Include="fonts\ARIALNBI.TTF">
      <Filter>리소스 파일\font</Filter>
    </Font>
    <Font Include="fonts\ARIALNI.TTF">
      <Filter>리소스 파일\font</Filter>
    </Font>
    <Font Include="fonts\ariblk.ttf">
      <Filter>리소스 파일\font</Filter>
    </Font>
  </ItemGroup>
  <ItemGroup>
    <None Include="Songs\End Time\Expert.osu">
      <Filter>리소스 파일\chart</Filter>
    </None>
    <None Include="Songs\FLOWER\Expert.osu">
      <Filter>리소스 파일\chart</Filter>
    </None>
    <None Include="Songs\Fly far bounce\Expert.osu">
      <Filter>리소스 파일\chart</Filter>
    </None>
    <None Include="Songs\invisible bullets\Expert.osu">
      <Filter>리소스 파일\chart</Filter>
    </None>
    <None Include="Songs\Oceanus\Expert.osu">
      <Filter>리소스 파일\chart</Filter>
    </None>
    <None Include="Songs\Ouka Ryouran\Expert.osu">
      <Filter>리소스 파일\chart</Filter>
    </None>
    <None Include="Songs\SAtAN\Expert.osu">
      <Filter>리소스 파일\chart</Filter>
    </None>
    <None Include="Songs\Tithonus\Expert.osu">
      <Filter>리소스 파일\chart</Filter>
    </None>
    <None Include="Songs\End Time\Hard.osu">
      <Filter>리소스 파일\chart</Filter>
    </None>
    <None Include="Songs\FLOWER\Hard.osu">
      <Filter>리소스 파일\chart</Filter>
    </None>
    <None Include="Songs\Fly far bounce\Hard.osu">
      <Filter>리소스 파일\chart</Filter>
    </None>
    <None Include="Songs\Ouka Ryouran\Hard.osu">
      <Filter>리소스 파일\chart</Filter>
    </None>
    <None Include="Songs\SAtAN\Hard.osu">
      <Filter>리소스 파일\chart</Filter>
    </None>
    <None Include="Songs\smooooch\Hard.osu">
      <Filter>리소스 파일\chart</Filter>
    </None>
    <None Include="Songs\The Shortest Mashcore Ever\Hard.osu">
      <Filter>리소스 파일\chart</Filter>
    </None>
    <None Include="Songs\Tithonus\Hard.osu">
      <Filter>리소스 파일\chart</Filter>
    </None>
    <None Include="Songs\End Time\Normal.osu">
      <Filter>리소스 파일\chart</Filter>
    </None>
    <None Include="Songs\FLOWER\Normal.osu">
      <Filter>리소스 파일\chart</Filter>
    </None>
    <None Include="Songs\Fly far bounce\Normal.osu">
      <Filter>리소스 파일\chart</Filter>
    </None>
    <None Include="Songs\Ouka Ryouran\Normal.osu">
      <Filter>리소스 파일\chart</Filter>
    </None>
    <None Include="Songs\SAtAN\Normal.osu">
      <Filter>리소스 파일\chart</Filter>
    </None>
    <None Include="Songs\smooooch\Normal.osu">
      <Filter>리소스 파일\chart</Filter>
    </None>
    <None Include="Songs\The Shortest Mashcore Ever\Normal.osu">
      <Filter>리소스 파일\chart</Filter>
    </None>
    <None Include="Songs\Tithonus\Normal.osu">
      <Filter>리소스 파일\chart</Filter>
    </None>
  </ItemGroup>
  <ItemGroup>
    <Image Include="Songs\End Time\image.jpg">
      <Filter>리소스 파일\image</Filter>
    </Image>
    <Image Include="Songs\FLOWER\image.jpg">
      <Filter>리소스 파일\image</Filter>
    </Image>
    <Image Include="Songs\Fly far bounce\image.jpg">
      <Filter>리소스 파일\image</Filter>
    </Image>
    <Image Include="Songs\Ouka Ryouran\image.jpg">
      <Filter>리소스 파일\image</Filter>
    </Image>
    <Image Include="Songs\smooooch\image.jpg">
      <Filter>리소스 파일\image</Filter>
    </Image>
    <Image Include="Songs\The Shortest Mashcore Ever\image.jpg">
      <Filter>리소스 파일\image</Filter>
    </Image>
    <Image Include="Songs\Tithonus\image.jpg">
      <Filter>리소스 파일\image</Filter>
    </Image>
    <Image Include="Songs\Oceanus\image.png">
      <Filter>리소스 파일\image</Filter>
    </Image>
    <Image Include="Songs\SAtAN\image.png">
      <Filter>리소스 파일\image</Filter>
    </Image>
    <Image Include="Songs\invisible bullets\image.png">
      <Filter>리소스 파일\image</Filter>
    </Image>
  </ItemGroup>
</Project>