<?xml version="1.0" encoding="utf-8"?>
<Project ToolsVersion="4.0" xmlns="http://schemas.microsoft.com/developer/msbuild/2003">
  <ItemGroup>
    <Filter Include="소스 파일">
      <UniqueIdentifier>{4FC737F1-C7A5-4376-A066-2A32D752A2FF}</UniqueIdentifier>
      <Extensions>cpp;c;cc;cxx;c++;cppm;ixx;def;odl;idl;hpj;bat;asm;asmx</Extensions>
    </Filter>
    <Filter Include="헤더 파일">
      <UniqueIdentifier>{93995380-89BD-4b04-88EB-625FBE52EBFB}</UniqueIdentifier>
      <Extensions>h;hh;hpp;hxx;h++;hm;inl;inc;ipp;xsd</Extensions>
    </Filter>
    <Filter Include="리소스 파일">
      <UniqueIdentifier>{67DA6AB6-F800-4c08-8B7A-83BB121AAD01}</UniqueIdentifier>
      <Extensions>rc;ico;cur;bmp;dlg;rc2;rct;bin;rgs;gif;jpg;jpeg;jpe;resx;tiff;tif;png;wav;mfcribbon-ms</Extensions>
    </Filter>
    <Filter Include="헤더 파일\UI">
      <UniqueIdentifier>{4c149f67-aa39-4272-9d49-4669c9a03203}</UniqueIdentifier>
    </Filter>
    <Filter Include="소스 파일\UI">
      <UniqueIdentifier>{750eb597-7384-4f8e-b8e8-89d62f14e1b7}</UniqueIdentifier>
    </Filter>
    <Filter Include="소스 파일\Scene">
      <UniqueIdentifier>{f6262f42-3e0d-449a-8755-75010a71199f}</UniqueIdentifier>
    </Filter>
    <Filter Include="헤더 파일\Scene">
      <UniqueIdentifier>{11ab87bb-46eb-40eb-bee2-17a7dab938b0}</UniqueIdentifier>
    </Filter>
    <Filter Include="헤더 파일\Scene\Scenes">
      <UniqueIdentifier>{8f45610b-c3a5-413f-a767-6dee7f8c08af}</UniqueIdentifier>
    </Filter>
    <Filter Include="소스 파일\Scene\Scenes">
      <UniqueIdentifier>{e8cb7d19-bd02-4a78-92a3-e05d47e7be9d}</UniqueIdentifier>
    </Filter>
    <Filter Include="소스 파일\inGame">
      <UniqueIdentifier>{055d59ba-b0e3-4a00-8ce1-6a8cdb5495a8}</UniqueIdentifier>
    </Filter>
    <Filter Include="헤더 파일\inGame">
      <UniqueIdentifier>{b943616f-d872-468e-aea7-e1173a8fcb3e}</UniqueIdentifier>
    </Filter>
    <Filter Include="헤더 파일\inGame\obj">
      <UniqueIdentifier>{e2d19bd9-c4c2-4619-bac9-d96b12eeaf5b}</UniqueIdentifier>
    </Filter>
    <Filter Include="소스 파일\inGame\obj">
      <UniqueIdentifier>{67f14964-5f07-4250-8846-ad032cf90fdb}</UniqueIdentifier>
    </Filter>
  </ItemGroup>
  <ItemGroup>
    <ClCompile Include="main.cpp">
      <Filter>소스 파일</Filter>
    </ClCompile>
    <ClCompile Include="AlbumArt.cpp">
      <Filter>소스 파일\UI</Filter>
    </ClCompile>
    <ClCompile Include="SceneManager.cpp">
      <Filter>소스 파일\Scene</Filter>
    </ClCompile>
    <ClCompile Include="MainMenuScene.cpp">
      <Filter>소스 파일\Scene\Scenes</Filter>
    </ClCompile>
    <ClCompile Include="SongMenuScene.cpp">
      <Filter>소스 파일\Scene\Scenes</Filter>
    </ClCompile>
    <ClCompile Include="GameScene.cpp">
      <Filter>소스 파일\Scene\Scenes</Filter>
    </ClCompile>
    <ClCompile Include="AudioManager.cpp">
      <Filter>소스 파일</Filter>
    </ClCompile>
    <ClCompile Include="parse_data.cpp">
      <Filter>소스 파일\inGame</Filter>
    </ClCompile>
    <ClCompile Include="ComboText.cpp">
      <Filter>소스 파일\inGame\obj</Filter>
    </ClCompile>
    <ClCompile Include="GameManager.cpp">
      <Filter>소스 파일\inGame</Filter>
    </ClCompile>
    <ClCompile Include="judgeText.cpp">
      <Filter>소스 파일\inGame\obj</Filter>
    </ClCompile>
    <ClCompile Include="ResultScene.cpp">
      <Filter>소스 파일\Scene\Scenes</Filter>
    </ClCompile>
  </ItemGroup>
  <ItemGroup>
    <ClInclude Include="signal.h">
      <Filter>헤더 파일</Filter>
    </ClInclude>
    <ClInclude Include="AlbumArt.h">
      <Filter>헤더 파일\UI</Filter>
    </ClInclude>
    <ClInclude Include="SceneManager.h">
      <Filter>헤더 파일\Scene</Filter>
    </ClInclude>
    <ClInclude Include="GameScene.h">
      <Filter>헤더 파일\Scene\Scenes</Filter>
    </ClInclude>
    <ClInclude Include="MainMenuScene.h">
      <Filter>헤더 파일\Scene\Scenes</Filter>
    </ClInclude>
    <ClInclude Include="SongMenuScene.h">
      <Filter>헤더 파일\Scene\Scenes</Filter>
    </ClInclude>
    <ClInclude Include="Scene.h">
      <Filter>헤더 파일\Scene</Filter>
    </ClInclude>
    <ClInclude Include="AudioManager.h">
      <Filter>헤더 파일</Filter>
    </ClInclude>
    <ClInclude Include="SongInfo.h">
      <Filter>헤더 파일\inGame</Filter>
    </ClInclude>
    <ClInclude Include="parse_data.h">
      <Filter>헤더 파일\inGame</Filter>
    </ClInclude>
    <ClInclude Include="ComboText.h">
      <Filter>헤더 파일\inGame\obj</Filter>
    </ClInclude>
    <ClInclude Include="NotePlate.h">
      <Filter>헤더 파일\inGame\obj</Filter>
    </ClInclude>
    <ClInclude Include="Note.h">
      <Filter>헤더 파일\inGame\obj</Filter>
    </ClInclude>
    <ClInclude Include="GameManager.h">
      <Filter>헤더 파일\inGame</Filter>
    </ClInclude>
    <ClInclude Include="judgeText.h">
      <Filter>헤더 파일\inGame\obj</Filter>
    </ClInclude>
    <ClInclude Include="ResultScene.h">
      <Filter>헤더 파일\Scene\Scenes</Filter>
    </ClInclude>
  </ItemGroup>
</Project>